<?xml version="1.0" encoding="utf-8"?>
<Project ToolsVersion="4.0" xmlns="http://schemas.microsoft.com/developer/msbuild/2003">
  <ItemGroup>
    <Filter Include="소스 파일">
      <UniqueIdentifier>{4FC737F1-C7A5-4376-A066-2A32D752A2FF}</UniqueIdentifier>
      <Extensions>cpp;c;cc;cxx;c++;cppm;ixx;def;odl;idl;hpj;bat;asm;asmx</Extensions>
    </Filter>
    <Filter Include="헤더 파일">
      <UniqueIdentifier>{93995380-89BD-4b04-88EB-625FBE52EBFB}</UniqueIdentifier>
      <Extensions>h;hh;hpp;hxx;h++;hm;inl;inc;ipp;xsd</Extensions>
    </Filter>
    <Filter Include="리소스 파일">
      <UniqueIdentifier>{67DA6AB6-F800-4c08-8B7A-83BB121AAD01}</UniqueIdentifier>
      <Extensions>rc;ico;cur;bmp;dlg;rc2;rct;bin;rgs;gif;jpg;jpeg;jpe;resx;tiff;tif;png;wav;mfcribbon-ms</Extensions>
    </Filter>
    <Filter Include="2D FrameWork">
      <UniqueIdentifier>{1729c61a-b6b0-49d2-91fa-4fe737bb1d24}</UniqueIdentifier>
    </Filter>
    <Filter Include="2D FrameWork\Manager">
      <UniqueIdentifier>{9e7ff8e6-eb34-4680-8fb5-3efefce91934}</UniqueIdentifier>
    </Filter>
    <Filter Include="MainGame">
      <UniqueIdentifier>{6cbc693a-c484-4c64-a5e4-8f1675b6beba}</UniqueIdentifier>
    </Filter>
  </ItemGroup>
  <ItemGroup>
    <ClCompile Include="main.cpp">
      <Filter>소스 파일</Filter>
    </ClCompile>
    <ClCompile Include="GameEntity.cpp">
      <Filter>2D FrameWork</Filter>
    </ClCompile>
    <ClCompile Include="GameObject.cpp">
      <Filter>2D FrameWork</Filter>
    </ClCompile>
    <ClCompile Include="KeyManager.cpp">
      <Filter>2D FrameWork\Manager</Filter>
    </ClCompile>
    <ClCompile Include="MainGame.cpp">
      <Filter>MainGame</Filter>
    </ClCompile>
    <ClCompile Include="Ammo.cpp">
      <Filter>MainGame</Filter>
    </ClCompile>
    <ClCompile Include="Tank.cpp">
      <Filter>MainGame</Filter>
    </ClCompile>
    <ClCompile Include="Image.cpp">
      <Filter>2D FrameWork</Filter>
    </ClCompile>
  </ItemGroup>
  <ItemGroup>
    <ClInclude Include="Config.h">
      <Filter>헤더 파일</Filter>
    </ClInclude>
    <ClInclude Include="CommonFunction.h">
      <Filter>헤더 파일</Filter>
    </ClInclude>
    <ClInclude Include="GameObject.h">
      <Filter>2D FrameWork</Filter>
    </ClInclude>
    <ClInclude Include="GameEntity.h">
      <Filter>2D FrameWork</Filter>
    </ClInclude>
    <ClInclude Include="SingleTon.h">
      <Filter>2D FrameWork\Manager</Filter>
    </ClInclude>
    <ClInclude Include="Ammo.h">
      <Filter>MainGame</Filter>
    </ClInclude>
    <ClInclude Include="KeyManager.h">
      <Filter>MainGame</Filter>
    </ClInclude>
    <ClInclude Include="MainGame.h">
      <Filter>MainGame</Filter>
    </ClInclude>
    <ClInclude Include="Tank.h">
      <Filter>MainGame</Filter>
    </ClInclude>
    <ClInclude Include="Image.h">
      <Filter>2D FrameWork</Filter>
    </ClInclude>
  </ItemGroup>
</Project>